
Microsoft Visual Studio Solution File, Format Version 12.00
# Visual Studio Version 16
VisualStudioVersion = 16.0.31624.102
MinimumVisualStudioVersion = 10.0.40219.1
Project("{FAE04EC0-301F-11D3-BF4B-00C04F79EFBC}") = "Multitenant.Api", "Multitenant.Api\Multitenant.Api.csproj", "{C7F6F37D-9F0D-48EB-8F85-95DD986A2FBD}"
EndProject
Global
	GlobalSection(SolutionConfigurationPlatforms) = preSolution
		Debug|Any CPU = Debug|Any CPU
		Release|Any CPU = Release|Any CPU
	EndGlobalSection
	GlobalSection(ProjectConfigurationPlatforms) = postSolution
		{C7F6F37D-9F0D-48EB-8F85-95DD986A2FBD}.Debug|Any CPU.ActiveCfg = Debug|Any CPU
		{C7F6F37D-9F0D-48EB-8F85-95DD986A2FBD}.Debug|Any CPU.Build.0 = Debug|Any CPU
		{C7F6F37D-9F0D-48EB-8F85-95DD986A2FBD}.Release|Any CPU.ActiveCfg = Release|Any CPU
		{C7F6F37D-9F0D-48EB-8F85-95DD986A2FBD}.Release|Any CPU.Build.0 = Release|Any CPU
	EndGlobalSection
	GlobalSection(SolutionProperties) = preSolution
		HideSolutionNode = FALSE
	EndGlobalSection
	GlobalSection(ExtensibilityGlobals) = postSolution
		SolutionGuid = {C9EC4077-3099-4C4F-AAB3-30CEF965EFE1}
	EndGlobalSection
EndGlobal
